
Microsoft Visual Studio Solution File, Format Version 12.00
# Visual Studio Version 17
VisualStudioVersion = 17.0.32112.339
MinimumVisualStudioVersion = 10.0.40219.1
Project("{FAE04EC0-301F-11D3-BF4B-00C04F79EFBC}") = "TipCalculatorProject", "TipCalculatorProject\TipCalculatorProject.csproj", "{23468572-E6D6-4498-99DD-C69FAC09E9C4}"
EndProject
Global
	GlobalSection(SolutionConfigurationPlatforms) = preSolution
		Debug|Any CPU = Debug|Any CPU
		Release|Any CPU = Release|Any CPU
	EndGlobalSection
	GlobalSection(ProjectConfigurationPlatforms) = postSolution
		{23468572-E6D6-4498-99DD-C69FAC09E9C4}.Debug|Any CPU.ActiveCfg = Debug|Any CPU
		{23468572-E6D6-4498-99DD-C69FAC09E9C4}.Debug|Any CPU.Build.0 = Debug|Any CPU
		{23468572-E6D6-4498-99DD-C69FAC09E9C4}.Release|Any CPU.ActiveCfg = Release|Any CPU
		{23468572-E6D6-4498-99DD-C69FAC09E9C4}.Release|Any CPU.Build.0 = Release|Any CPU
	EndGlobalSection
	GlobalSection(SolutionProperties) = preSolution
		HideSolutionNode = FALSE
	EndGlobalSection
	GlobalSection(ExtensibilityGlobals) = postSolution
		SolutionGuid = {AC63369D-ACEA-45E5-B5F1-18E120104AB0}
	EndGlobalSection
EndGlobal
